
Microsoft Visual Studio Solution File, Format Version 12.00
# Visual Studio Version 17
VisualStudioVersion = 17.4.33213.308
MinimumVisualStudioVersion = 10.0.40219.1
Project("{FAE04EC0-301F-11D3-BF4B-00C04F79EFBC}") = "constructor", "constructor\constructor.csproj", "{C067A055-6B33-4DBE-BA3F-B387FFF1E62E}"
EndProject
Global
	GlobalSection(SolutionConfigurationPlatforms) = preSolution
		Debug|Any CPU = Debug|Any CPU
		Release|Any CPU = Release|Any CPU
	EndGlobalSection
	GlobalSection(ProjectConfigurationPlatforms) = postSolution
		{C067A055-6B33-4DBE-BA3F-B387FFF1E62E}.Debug|Any CPU.ActiveCfg = Debug|Any CPU
		{C067A055-6B33-4DBE-BA3F-B387FFF1E62E}.Debug|Any CPU.Build.0 = Debug|Any CPU
		{C067A055-6B33-4DBE-BA3F-B387FFF1E62E}.Release|Any CPU.ActiveCfg = Release|Any CPU
		{C067A055-6B33-4DBE-BA3F-B387FFF1E62E}.Release|Any CPU.Build.0 = Release|Any CPU
	EndGlobalSection
	GlobalSection(SolutionProperties) = preSolution
		HideSolutionNode = FALSE
	EndGlobalSection
	GlobalSection(ExtensibilityGlobals) = postSolution
		SolutionGuid = {63EC21AB-8C59-4C25-A66B-4E963D3B9027}
	EndGlobalSection
EndGlobal
