
Microsoft Visual Studio Solution File, Format Version 12.00
# Visual Studio Version 17
VisualStudioVersion = 17.4.33213.308
MinimumVisualStudioVersion = 10.0.40219.1
Project("{FAE04EC0-301F-11D3-BF4B-00C04F79EFBC}") = "Var_Dynamic_Object", "Var_Dynamic_Object\Var_Dynamic_Object.csproj", "{B5D94821-5475-4C2A-B383-D839A81D5DCA}"
EndProject
Global
	GlobalSection(SolutionConfigurationPlatforms) = preSolution
		Debug|Any CPU = Debug|Any CPU
		Release|Any CPU = Release|Any CPU
	EndGlobalSection
	GlobalSection(ProjectConfigurationPlatforms) = postSolution
		{B5D94821-5475-4C2A-B383-D839A81D5DCA}.Debug|Any CPU.ActiveCfg = Debug|Any CPU
		{B5D94821-5475-4C2A-B383-D839A81D5DCA}.Debug|Any CPU.Build.0 = Debug|Any CPU
		{B5D94821-5475-4C2A-B383-D839A81D5DCA}.Release|Any CPU.ActiveCfg = Release|Any CPU
		{B5D94821-5475-4C2A-B383-D839A81D5DCA}.Release|Any CPU.Build.0 = Release|Any CPU
	EndGlobalSection
	GlobalSection(SolutionProperties) = preSolution
		HideSolutionNode = FALSE
	EndGlobalSection
	GlobalSection(ExtensibilityGlobals) = postSolution
		SolutionGuid = {8036748D-C065-468B-B5BF-1E731A24FC8E}
	EndGlobalSection
EndGlobal
