
Microsoft Visual Studio Solution File, Format Version 12.00
# Visual Studio Version 17
VisualStudioVersion = 17.4.33213.308
MinimumVisualStudioVersion = 10.0.40219.1
Project("{FAE04EC0-301F-11D3-BF4B-00C04F79EFBC}") = "methodOverriding", "methodOverriding\methodOverriding.csproj", "{967BB251-31FF-49D7-A766-7A82A0FF3100}"
EndProject
Global
	GlobalSection(SolutionConfigurationPlatforms) = preSolution
		Debug|Any CPU = Debug|Any CPU
		Release|Any CPU = Release|Any CPU
	EndGlobalSection
	GlobalSection(ProjectConfigurationPlatforms) = postSolution
		{967BB251-31FF-49D7-A766-7A82A0FF3100}.Debug|Any CPU.ActiveCfg = Debug|Any CPU
		{967BB251-31FF-49D7-A766-7A82A0FF3100}.Debug|Any CPU.Build.0 = Debug|Any CPU
		{967BB251-31FF-49D7-A766-7A82A0FF3100}.Release|Any CPU.ActiveCfg = Release|Any CPU
		{967BB251-31FF-49D7-A766-7A82A0FF3100}.Release|Any CPU.Build.0 = Release|Any CPU
	EndGlobalSection
	GlobalSection(SolutionProperties) = preSolution
		HideSolutionNode = FALSE
	EndGlobalSection
	GlobalSection(ExtensibilityGlobals) = postSolution
		SolutionGuid = {0ADE254B-4AFF-43B1-AF82-2E1BE5EAA4E2}
	EndGlobalSection
EndGlobal
